
Microsoft Visual Studio Solution File, Format Version 12.00
# Visual Studio Version 17
VisualStudioVersion = 17.8.34330.188
MinimumVisualStudioVersion = 10.0.40219.1
Project("{FAE04EC0-301F-11D3-BF4B-00C04F79EFBC}") = "Azure2Console", "Azure2Console.csproj", "{AB87D264-14BC-4D86-A268-C2C7B4CC7F3A}"
EndProject
Global
	GlobalSection(SolutionConfigurationPlatforms) = preSolution
		Debug|Any CPU = Debug|Any CPU
		Release|Any CPU = Release|Any CPU
	EndGlobalSection
	GlobalSection(ProjectConfigurationPlatforms) = postSolution
		{AB87D264-14BC-4D86-A268-C2C7B4CC7F3A}.Debug|Any CPU.ActiveCfg = Debug|Any CPU
		{AB87D264-14BC-4D86-A268-C2C7B4CC7F3A}.Debug|Any CPU.Build.0 = Debug|Any CPU
		{AB87D264-14BC-4D86-A268-C2C7B4CC7F3A}.Release|Any CPU.ActiveCfg = Release|Any CPU
		{AB87D264-14BC-4D86-A268-C2C7B4CC7F3A}.Release|Any CPU.Build.0 = Release|Any CPU
	EndGlobalSection
	GlobalSection(SolutionProperties) = preSolution
		HideSolutionNode = FALSE
	EndGlobalSection
	GlobalSection(ExtensibilityGlobals) = postSolution
		SolutionGuid = {56FA4CFF-09CF-45A2-B120-A04C022CCD15}
	EndGlobalSection
EndGlobal
